
Microsoft Visual Studio Solution File, Format Version 12.00
Project("{FAE04EC0-301F-11D3-BF4B-00C04F79EFBC}") = "LiveOrders.Backend", "LiveOrders.Backend\LiveOrders.Backend.csproj", "{D52B3624-A601-45DC-B237-0999042D42CF}"
EndProject
Global
	GlobalSection(SolutionConfigurationPlatforms) = preSolution
		Debug|Any CPU = Debug|Any CPU
		Release|Any CPU = Release|Any CPU
	EndGlobalSection
	GlobalSection(ProjectConfigurationPlatforms) = postSolution
		{D52B3624-A601-45DC-B237-0999042D42CF}.Debug|Any CPU.ActiveCfg = Debug|Any CPU
		{D52B3624-A601-45DC-B237-0999042D42CF}.Debug|Any CPU.Build.0 = Debug|Any CPU
		{D52B3624-A601-45DC-B237-0999042D42CF}.Release|Any CPU.ActiveCfg = Release|Any CPU
		{D52B3624-A601-45DC-B237-0999042D42CF}.Release|Any CPU.Build.0 = Release|Any CPU
	EndGlobalSection
EndGlobal
